
Microsoft Visual Studio Solution File, Format Version 15.00
# Visual Studio 2017
Project("{FAE04EC0-301F-11D3-BF4B-00C04F79EFBC}") = "arc", "arc.csproj", "{29996183-4D8F-4AD8-B69D-60FB7860C709}"
EndProject
Global
	GlobalSection(SolutionConfigurationPlatforms) = preSolution
		Debug|Any CPU = Debug|Any CPU
		Release|Any CPU = Release|Any CPU
	EndGlobalSection
	GlobalSection(ProjectConfigurationPlatforms) = postSolution
		{29996183-4D8F-4AD8-B69D-60FB7860C709}.Debug|Any CPU.ActiveCfg = Debug|Any CPU
		{29996183-4D8F-4AD8-B69D-60FB7860C709}.Debug|Any CPU.Build.0 = Debug|Any CPU
		{29996183-4D8F-4AD8-B69D-60FB7860C709}.Release|Any CPU.ActiveCfg = Release|Any CPU
		{29996183-4D8F-4AD8-B69D-60FB7860C709}.Release|Any CPU.Build.0 = Release|Any CPU
	EndGlobalSection
EndGlobal
